
Microsoft Visual Studio Solution File, Format Version 12.00
# Visual Studio 15
VisualStudioVersion = 15.0.28307.136
MinimumVisualStudioVersion = 10.0.40219.1
Project("{FAE04EC0-301F-11D3-BF4B-00C04F79EFBC}") = "DemoApi", "DemoApi\DemoApi.csproj", "{0D681691-E720-4E5D-BA47-71ED46E3C772}"
EndProject
Project("{9A19103F-16F7-4668-BE54-9A1E7A4F7556}") = "DemoClient", "DemoClient\DemoClient.csproj", "{C388A782-0D1E-46B9-BB3D-8109A915A6D9}"
EndProject
Global
	GlobalSection(SolutionConfigurationPlatforms) = preSolution
		Debug|Any CPU = Debug|Any CPU
		DEV|Any CPU = DEV|Any CPU
		PRD|Any CPU = PRD|Any CPU
		QAS|Any CPU = QAS|Any CPU
		Release|Any CPU = Release|Any CPU
	EndGlobalSection
	GlobalSection(ProjectConfigurationPlatforms) = postSolution
		{0D681691-E720-4E5D-BA47-71ED46E3C772}.Debug|Any CPU.ActiveCfg = Debug|Any CPU
		{0D681691-E720-4E5D-BA47-71ED46E3C772}.Debug|Any CPU.Build.0 = Debug|Any CPU
		{0D681691-E720-4E5D-BA47-71ED46E3C772}.DEV|Any CPU.ActiveCfg = DEV|Any CPU
		{0D681691-E720-4E5D-BA47-71ED46E3C772}.DEV|Any CPU.Build.0 = DEV|Any CPU
		{0D681691-E720-4E5D-BA47-71ED46E3C772}.PRD|Any CPU.ActiveCfg = PRD|Any CPU
		{0D681691-E720-4E5D-BA47-71ED46E3C772}.PRD|Any CPU.Build.0 = PRD|Any CPU
		{0D681691-E720-4E5D-BA47-71ED46E3C772}.QAS|Any CPU.ActiveCfg = QAS|Any CPU
		{0D681691-E720-4E5D-BA47-71ED46E3C772}.QAS|Any CPU.Build.0 = QAS|Any CPU
		{0D681691-E720-4E5D-BA47-71ED46E3C772}.Release|Any CPU.ActiveCfg = Release|Any CPU
		{0D681691-E720-4E5D-BA47-71ED46E3C772}.Release|Any CPU.Build.0 = Release|Any CPU
		{C388A782-0D1E-46B9-BB3D-8109A915A6D9}.Debug|Any CPU.ActiveCfg = Debug|Any CPU
		{C388A782-0D1E-46B9-BB3D-8109A915A6D9}.Debug|Any CPU.Build.0 = Debug|Any CPU
		{C388A782-0D1E-46B9-BB3D-8109A915A6D9}.DEV|Any CPU.ActiveCfg = Debug|Any CPU
		{C388A782-0D1E-46B9-BB3D-8109A915A6D9}.PRD|Any CPU.ActiveCfg = Release|Any CPU
		{C388A782-0D1E-46B9-BB3D-8109A915A6D9}.QAS|Any CPU.ActiveCfg = Release|Any CPU
		{C388A782-0D1E-46B9-BB3D-8109A915A6D9}.Release|Any CPU.ActiveCfg = Release|Any CPU
		{C388A782-0D1E-46B9-BB3D-8109A915A6D9}.Release|Any CPU.Build.0 = Release|Any CPU
	EndGlobalSection
	GlobalSection(SolutionProperties) = preSolution
		HideSolutionNode = FALSE
	EndGlobalSection
	GlobalSection(ExtensibilityGlobals) = postSolution
		SolutionGuid = {88C96161-87CB-4764-A708-FBE194B70B08}
	EndGlobalSection
EndGlobal
